{
  "version": "2",
  "remote": {
    "https://cdn.skypack.dev/-/debug@v4.3.4-o4liVvMlOnQWbLSYZMXw/dist=es2019,mode=imports/optimized/debug.js": "671100993996e39b501301a87000607916d4d2d9f8fc8e9c5200ae5ba64a1389",
    "https://cdn.skypack.dev/-/ms@v2.1.2-giBDZ1IA5lmQ3ZXaa87V/dist=es2019,mode=imports/optimized/ms.js": "fd88e2d51900437011f1ad232f3393ce97db1b87a7844b3c58dd6d65562c1276",
    "https://cdn.skypack.dev/debug@4.3.4": "7b1d010cc930f71b940ba5941da055bc181115229e29de7214bdb4425c68ea76",
    "https://deno.land/std@0.135.0/_util/assert.ts": "e94f2eb37cebd7f199952e242c77654e43333c1ac4c5c700e929ea3aa5489f74",
    "https://deno.land/std@0.135.0/_util/os.ts": "49b92edea1e82ba295ec946de8ffd956ed123e2948d9bd1d3e901b04e4307617",
    "https://deno.land/std@0.135.0/bytes/bytes_list.ts": "67eb118e0b7891d2f389dad4add35856f4ad5faab46318ff99653456c23b025d",
    "https://deno.land/std@0.135.0/bytes/equals.ts": "a60ef9f01fb6e06a4e0343fc44d53d39d12dd66bc3f09ac8e6eb9cc1a6335e48",
    "https://deno.land/std@0.135.0/bytes/mod.ts": "4cef6fe8f0de217b9babbcbb0a566402b667f18a8e6d094a45e5fb3fc1afff70",
    "https://deno.land/std@0.135.0/fmt/colors.ts": "30455035d6d728394781c10755351742dd731e3db6771b1843f9b9e490104d37",
    "https://deno.land/std@0.135.0/io/buffer.ts": "bd0c4bf53db4b4be916ca5963e454bddfd3fcd45039041ea161dbf826817822b",
    "https://deno.land/std@0.135.0/io/files.ts": "d199ef64e918a256320ba8d8d44ae91de87c9077df8f8d6cca013f1b9fbbe285",
    "https://deno.land/std@0.135.0/io/mod.ts": "1a4e8d19d42745fb2ff68d6ffa801657a4a15713bf7e7173df2da4737f5c5450",
    "https://deno.land/std@0.135.0/io/readers.ts": "15062a8863e6df8503ac6629924d04c5e65cf3da15997470525e705831a810c8",
    "https://deno.land/std@0.135.0/io/streams.ts": "988a19155b52161f0035ce539e2f1d12edbc4c389fa7633da832a64e6edbe1a0",
    "https://deno.land/std@0.135.0/io/types.d.ts": "01f60ae7ec02675b5dbed150d258fc184a78dfe5c209ef53ba4422b46b58822c",
    "https://deno.land/std@0.135.0/io/util.ts": "078da53bba767bec0d45f7da44411f6dbf269e51ef7fcfea5e3714e04681c674",
    "https://deno.land/std@0.135.0/io/writers.ts": "5db9995d2afc7ed391c88c6b441457df6fad6a0b09653e54c1dcd0387ab947fd",
    "https://deno.land/std@0.135.0/path/_constants.ts": "df1db3ffa6dd6d1252cc9617e5d72165cd2483df90e93833e13580687b6083c3",
    "https://deno.land/std@0.135.0/path/_interface.ts": "ee3b431a336b80cf445441109d089b70d87d5e248f4f90ff906820889ecf8d09",
    "https://deno.land/std@0.135.0/path/_util.ts": "c1e9686d0164e29f7d880b2158971d805b6e0efc3110d0b3e24e4b8af2190d2b",
    "https://deno.land/std@0.135.0/path/common.ts": "bee563630abd2d97f99d83c96c2fa0cca7cee103e8cb4e7699ec4d5db7bd2633",
    "https://deno.land/std@0.135.0/path/glob.ts": "cb5255638de1048973c3e69e420c77dc04f75755524cb3b2e160fe9277d939ee",
    "https://deno.land/std@0.135.0/path/mod.ts": "4275129bb766f0e475ecc5246aa35689eeade419d72a48355203f31802640be7",
    "https://deno.land/std@0.135.0/path/posix.ts": "293cdaec3ecccec0a9cc2b534302dfe308adb6f10861fa183275d6695faace44",
    "https://deno.land/std@0.135.0/path/separator.ts": "fe1816cb765a8068afb3e8f13ad272351c85cbc739af56dacfc7d93d710fe0f9",
    "https://deno.land/std@0.135.0/path/win32.ts": "31811536855e19ba37a999cd8d1b62078235548d67902ece4aa6b814596dd757",
    "https://deno.land/std@0.135.0/streams/conversion.ts": "712585bfa0172a97fb68dd46e784ae8ad59d11b88079d6a4ab098ff42e697d21",
    "https://deno.land/std@0.135.0/testing/_diff.ts": "9d849cd6877694152e01775b2d93f9d6b7aef7e24bfe3bfafc4d7a1ac8e9f392",
    "https://deno.land/std@0.135.0/testing/asserts.ts": "b0ef969032882b1f7eb1c7571e313214baa1485f7b61cf35807b2434e254365c",
    "https://deno.land/std@0.153.0/fmt/colors.ts": "ff7dc9c9f33a72bd48bc24b21bbc1b4545d8494a431f17894dbc5fe92a938fc4",
    "https://deno.land/std@0.178.0/_util/asserts.ts": "178dfc49a464aee693a7e285567b3d0b555dc805ff490505a8aae34f9cfb1462",
    "https://deno.land/std@0.178.0/_util/os.ts": "d932f56d41e4f6a6093d56044e29ce637f8dcc43c5a90af43504a889cf1775e3",
    "https://deno.land/std@0.178.0/async/deferred.ts": "42790112f36a75a57db4a96d33974a936deb7b04d25c6084a9fa8a49f135def8",
    "https://deno.land/std@0.178.0/bytes/bytes_list.ts": "b4cbdfd2c263a13e8a904b12d082f6177ea97d9297274a4be134e989450dfa6a",
    "https://deno.land/std@0.178.0/bytes/copy.ts": "939d89e302a9761dcf1d9c937c7711174ed74c59eef40a1e4569a05c9de88219",
    "https://deno.land/std@0.178.0/io/buffer.ts": "e2b7564f684dad625cab08f5106f33572d325705d19a36822b3272fbdfb8f726",
    "https://deno.land/std@0.178.0/path/_constants.ts": "e49961f6f4f48039c0dfed3c3f93e963ca3d92791c9d478ac5b43183413136e0",
    "https://deno.land/std@0.178.0/path/_interface.ts": "6471159dfbbc357e03882c2266d21ef9afdb1e4aa771b0545e90db58a0ba314b",
    "https://deno.land/std@0.178.0/path/_util.ts": "d7abb1e0dea065f427b89156e28cdeb32b045870acdf865833ba808a73b576d0",
    "https://deno.land/std@0.178.0/path/common.ts": "ee7505ab01fd22de3963b64e46cff31f40de34f9f8de1fff6a1bd2fe79380000",
    "https://deno.land/std@0.178.0/path/glob.ts": "d479e0a695621c94d3fd7fe7abd4f9499caf32a8de13f25073451c6ef420a4e1",
    "https://deno.land/std@0.178.0/path/mod.ts": "4b83694ac500d7d31b0cdafc927080a53dc0c3027eb2895790fb155082b0d232",
    "https://deno.land/std@0.178.0/path/posix.ts": "8b7c67ac338714b30c816079303d0285dd24af6b284f7ad63da5b27372a2c94d",
    "https://deno.land/std@0.178.0/path/separator.ts": "0fb679739d0d1d7bf45b68dacfb4ec7563597a902edbaf3c59b50d5bcadd93b1",
    "https://deno.land/std@0.178.0/path/win32.ts": "d186344e5583bcbf8b18af416d13d82b35a317116e6460a5a3953508c3de5bba",
    "https://deno.land/std@0.178.0/streams/_common.ts": "f45cba84f0d813de3326466095539602364a9ba521f804cc758f7a475cda692d",
    "https://deno.land/std@0.178.0/streams/buffer.ts": "7e7676c29e0e72f6821c3b5fede2540886a216bb91c849bb5db20bb82a01d8a1",
    "https://deno.land/std@0.178.0/streams/byte_slice_stream.ts": "cf5785b0d9223ebb51fcf6679d881dfaf614c3b288fb4577b511b6f7801a01aa",
    "https://deno.land/std@0.178.0/streams/copy.ts": "de0de21701d8cceba84ca01d9731c77f4b3597bb9de6a1b08f32250353feeae8",
    "https://deno.land/std@0.178.0/streams/delimiter_stream.ts": "de8f822a1c394cdb805a97e364400955cd1757cc282d932b4040a0f78fba3b5f",
    "https://deno.land/std@0.178.0/streams/early_zip_readable_streams.ts": "64828085be5812ec5f4896c10b59f14e5a322b2c0439be9331dde332ae9c91de",
    "https://deno.land/std@0.178.0/streams/iterate_reader.ts": "06491ed8f1bb1c619abbfa04c10b173ff95a93e51fe5037b7c1ad0b5cc01fc7d",
    "https://deno.land/std@0.178.0/streams/limited_bytes_transform_stream.ts": "3bc04143b8b91a923f5ee81a3c618b6606ac7da66ccbcde62a67aaa0375cbc71",
    "https://deno.land/std@0.178.0/streams/limited_transform_stream.ts": "b336f5d649a06e35e2692849e3682a673bb32531738443eb2ce9f57538722f75",
    "https://deno.land/std@0.178.0/streams/merge_readable_streams.ts": "5d6302888f4bb0616dafb5768771be0aec9bedc05fbae6b3d726d05ffbec5b15",
    "https://deno.land/std@0.178.0/streams/mod.ts": "c07ec010e700b9ea887dc36ca08729828bc7912f711e4054e24d33fd46282252",
    "https://deno.land/std@0.178.0/streams/read_all.ts": "bfa220b0e1d06fa4d0cb5178baba8f8b466019a7411511982bfa2320ca292815",
    "https://deno.land/std@0.178.0/streams/readable_stream_from_iterable.ts": "cae337ddafd2abc5e3df699ef2af888ac04091f12732ae658448fba2c7b187e8",
    "https://deno.land/std@0.178.0/streams/readable_stream_from_reader.ts": "9aceaeefa9e04b08f56b2d07272baedc3b6432840b66198d72fa2ada3e6608ea",
    "https://deno.land/std@0.178.0/streams/reader_from_iterable.ts": "05f7759b9336fd4c233d9daadf92aec9a7d2c07a05986da466a935cec2dd79d9",
    "https://deno.land/std@0.178.0/streams/reader_from_stream_reader.ts": "3fda9390ec8520c8a9ea2aba2579208b18880a7663d7a9feec8f193b7af14e41",
    "https://deno.land/std@0.178.0/streams/text_delimiter_stream.ts": "ee216316360366c3744197f5665a066a25e6baa8cfe836fbe9a0033e079e089e",
    "https://deno.land/std@0.178.0/streams/text_line_stream.ts": "a9dd2636c6b90e626e19df26c97034c5f638bdd957cbd5c531d6278fe1d08e90",
    "https://deno.land/std@0.178.0/streams/to_transform_stream.ts": "31c8cce967a2f602be5f164973a5c6cedd4c76e1d2fbc22ae0081b084f73fb0e",
    "https://deno.land/std@0.178.0/streams/writable_stream_from_writer.ts": "0320b759aa343f9f4f58b014fe301d9a7abcbfb8413d260502a885995e6a0776",
    "https://deno.land/std@0.178.0/streams/write_all.ts": "3b2e1ce44913f966348ce353d02fa5369e94115181037cd8b602510853ec3033",
    "https://deno.land/std@0.178.0/streams/writer_from_stream_writer.ts": "31126a6bf2e678c5a718011d4831dbe75dbdbd885965d3dbd5dd105e6f20f976",
    "https://deno.land/std@0.178.0/streams/zip_readable_streams.ts": "9eb82070d83055fe6f077192fb204dc7612695a4b330148e9aa376df1a65e708",
    "https://deno.land/std@0.178.0/types.d.ts": "220ed56662a0bd393ba5d124aa6ae2ad36a00d2fcbc0e8666a65f4606aaa9784",
    "https://deno.land/std@0.182.0/_util/asserts.ts": "178dfc49a464aee693a7e285567b3d0b555dc805ff490505a8aae34f9cfb1462",
    "https://deno.land/std@0.182.0/bytes/copy.ts": "939d89e302a9761dcf1d9c937c7711174ed74c59eef40a1e4569a05c9de88219",
    "https://deno.land/std@0.182.0/collections/filter_values.ts": "5b9feaf17b9a6e5ffccdd36cf6f38fa4ffa94cff2602d381c2ad0c2a97929652",
    "https://deno.land/std@0.182.0/collections/without_all.ts": "a89f5da0b5830defed4f59666e188df411d8fece35a5f6ca69be6ca71a95c185",
    "https://deno.land/std@0.182.0/datetime/_common.ts": "f5c1cb784c616151a3d8198a4ab29f65b7fe5c20a105d8979bde9558c7b52910",
    "https://deno.land/std@0.182.0/datetime/constants.ts": "b63a6b702e06fa028fb2ffa25e0cf775e3b21cf7f38e53a6f219e9641894dfbb",
    "https://deno.land/std@0.182.0/datetime/day_of_year.ts": "3c2583cc4ef42e60c60623cf240442bffd32088c29ab7acbdf8aa592b9cbcdb2",
    "https://deno.land/std@0.182.0/datetime/difference.ts": "fe61f5768d911b60a8f2654fab5e8ad151234296c34dccbc19075754c42be2aa",
    "https://deno.land/std@0.182.0/datetime/format.ts": "2d7a430ca9571e054ac181dcb950faf9ac23445e081dcb230ca37134e6eaad0c",
    "https://deno.land/std@0.182.0/datetime/is_leap.ts": "b21598028f8bec0dd801c50cf48971faf8fde70316a19248714814e1f2ded9c8",
    "https://deno.land/std@0.182.0/datetime/mod.ts": "8fccadb22ad67775374a375e0077ef008bed80a20ccf8a3285115a071d08f75e",
    "https://deno.land/std@0.182.0/datetime/parse.ts": "b59f583e7fe5ef2105c6dd4a74825670c9f4e1e35462c047c6f0a207b5653aac",
    "https://deno.land/std@0.182.0/datetime/to_imf.ts": "8f9c0af8b167031ffe2e03da01a12a3b0672cc7562f89c61942a0ab0129771b2",
    "https://deno.land/std@0.182.0/datetime/week_of_year.ts": "4f327c5656959759fac0a0bb642cfd6a0a64440e5a876ab218edbee006d98d20",
    "https://deno.land/std@0.182.0/dotenv/load.ts": "0636983549b98f29ab75c9a22a42d9723f0a389ece5498fe971e7bb2556a12e2",
    "https://deno.land/std@0.182.0/dotenv/mod.ts": "8dcbc8a40b896a0bf094582aaeadbfc76d3528872faf2efc0302beb1d2f6afd0",
    "https://deno.land/std@0.182.0/fmt/colors.ts": "d67e3cd9f472535241a8e410d33423980bec45047e343577554d3356e1f0ef4e",
    "https://deno.land/std@0.182.0/fs/exists.ts": "29c26bca8584a22876be7cb8844f1b6c8fc35e9af514576b78f5c6884d7ed02d",
    "https://deno.land/std@0.182.0/io/buf_writer.ts": "48c33c8f00b61dcbc7958706741cec8e59810bd307bc6a326cbd474fe8346dfd",
    "https://deno.land/std@0.182.0/log/handlers.ts": "38871ecbfa67b0d39dc3384210439ac9a13cba6118b912236f9011b5989b9a4d",
    "https://deno.land/std@0.182.0/log/levels.ts": "6309147664e9e008cd6671610f2505c4c95f181f6bae4816a84b33e0aec66859",
    "https://deno.land/std@0.182.0/log/logger.ts": "257ceb47e3f5f872068073de9809b015a7400e8d86dd40563c1d80169e578f71",
    "https://deno.land/std@0.182.0/log/mod.ts": "36d156ad18de3f1806c6ddafa4965129be99ccafc27f1813de528d65b6c528bf",
    "https://deno.land/std@0.182.0/types.d.ts": "dbaeb2c4d7c526db9828fc8df89d8aecf53b9ced72e0c4568f97ddd8cda616a4",
    "https://deno.land/x/envalid@0.1.2/core.ts": "9cb1b469919af72d3ad8576f952c8b695e9b5356878d84f15db9328b7afab2d5",
    "https://deno.land/x/envalid@0.1.2/envalid.ts": "76755815e2643aacbe604e3cd76415f0f4c8cc04d7cdbae0ab05a0ebc86ceb38",
    "https://deno.land/x/envalid@0.1.2/errors.ts": "8524f99ff929abe5c9fa07c250cafb15e564d5339ae8fdfabd6d56fab9ec7e00",
    "https://deno.land/x/envalid@0.1.2/middleware.ts": "c7a88e1dce3f280471844c36080a346ac3aadc4420b3fbff92807d21f3aec1e2",
    "https://deno.land/x/envalid@0.1.2/mod.ts": "c82f8e49cf6b008478a11275bbc9c55a4f900a2010fb4d0882cfba6f914eaa1c",
    "https://deno.land/x/envalid@0.1.2/reporter.ts": "5affd2863a25cca71e7f249504f0670112e5e1742dd8a3977764e45fa5957dcc",
    "https://deno.land/x/envalid@0.1.2/types.ts": "3c8630c015922739c8e0c3638dd446bbaf627ecccfb9b21329dbd0af82c4236d",
    "https://deno.land/x/envalid@0.1.2/validators.ts": "9252d4a0a70a7c1895be7813596a562cd8b105756f7cbbd8e49caf1bf4998453",
    "https://deno.land/x/grammy@v1.15.3/bot.ts": "885e3b11a5bb16f923dc09d9351bdf2d2bda8cb29dc1c85d0c3930d59b256f68",
    "https://deno.land/x/grammy@v1.15.3/composer.ts": "1d2e164f9934466553d7f9bf9bf2fe65a1f453b7f7ce3cf57066d87382c6dac2",
    "https://deno.land/x/grammy@v1.15.3/context.ts": "72df84eef4f159aef06dab536d0d27beba38534769416d4b1099ce535b0767d0",
    "https://deno.land/x/grammy@v1.15.3/convenience/frameworks.ts": "f89568f28835aaba764a62e1501c8d625ead88d4bfb1f1ba9fd4c4ca2234820f",
    "https://deno.land/x/grammy@v1.15.3/convenience/keyboard.ts": "a794e8bc4b39670bf320410e6bd30fc42aed3c4e5e28d55a909300f29f3f872d",
    "https://deno.land/x/grammy@v1.15.3/convenience/session.ts": "f9b7a0737cb813810731a3c29c3f5f84a457f493f9e7651e132daab9b58b08e9",
    "https://deno.land/x/grammy@v1.15.3/convenience/webhook.ts": "f1da7d6426171fb7b5d5f6b59633f91d3bab9a474eea821f714932650965eb9e",
    "https://deno.land/x/grammy@v1.15.3/core/api.ts": "d1333aececb21a203914db2506d6935b60ba8af9b8ad2141bda60955dd3a6f89",
    "https://deno.land/x/grammy@v1.15.3/core/client.ts": "8914f13b2cb69f16104a9711e4fea0a4500edd0950736dcc3ac078ab46f7a5ab",
    "https://deno.land/x/grammy@v1.15.3/core/error.ts": "4638b2127ebe60249c78b83011d468f5e1e1a87748d32fe11a8200d9f824ad13",
    "https://deno.land/x/grammy@v1.15.3/core/payload.ts": "420e17c3c2830b5576ea187cfce77578fe09f1204b25c25ea2f220ca7c86e73b",
    "https://deno.land/x/grammy@v1.15.3/filter.ts": "2c341f376bff726ca300e547843abcd989219cd10a05ae612844efaaa2cefe50",
    "https://deno.land/x/grammy@v1.15.3/mod.ts": "6d96b0c7b4c8b9448b9f9903a95a78c3379febd36b0f6485ad567d79b153c794",
    "https://deno.land/x/grammy@v1.15.3/platform.deno.ts": "3ef7e73beaf454976e61d66938f840454bedd4c8ff2e0a82ca7042b24f38dfcd",
    "https://deno.land/x/grammy@v1.15.3/types.deno.ts": "010e4ac685e4b45f7fc24f5b8e42d6010edfabeebbb7dbb8469ccf2e85838a69",
    "https://deno.land/x/grammy@v1.15.3/types.ts": "729415590dfa188dbe924dea614dff4e976babdbabb28a307b869fc25777cdf0",
    "https://deno.land/x/grammy_files@v1.0.4/deps.deno.ts": "ec398579e7a7f69788fc3c3ef90202bc9e031e13bfbd90ee37c88a655b6742ef",
    "https://deno.land/x/grammy_files@v1.0.4/files.ts": "c69a4cfdcf5b75f32b9de97c36e2b197fe9d60feb360b71e89dff5ae22ba1114",
    "https://deno.land/x/grammy_files@v1.0.4/mod.ts": "379c5f64594cd879653cdce715c318b3eed29ab26e071f356b9b61f9e3943bc3",
    "https://deno.land/x/grammy_files@v1.0.4/plugin.ts": "a804b76d4ceaae727b874bb6c88bd7a7b16d086992aae04e23f24e0e4fccd3ab",
    "https://deno.land/x/grammy_parse_mode@1.5.0/deps.deno.ts": "5297e947875ce8ea523e237bbbfa1eb7c709ed8d76dbeeb8d1a5128182a6753b",
    "https://deno.land/x/grammy_parse_mode@1.5.0/format.ts": "7aa2026cc93c266dbf60b66bac49d3eaa3b73f7997e3a00ef822292bf6b7bc7f",
    "https://deno.land/x/grammy_parse_mode@1.5.0/hydrate.ts": "852b060ae49bfc1ab85e6c00ff117eb2da289f83a7c19b4ef65982377f772faf",
    "https://deno.land/x/grammy_parse_mode@1.5.0/mod.ts": "58b539ea91fa72c1fd66dd5415b6c4b63104301b07d9daf860bd66343db7062c",
    "https://deno.land/x/grammy_parse_mode@1.5.0/transformer.ts": "487f38077b0a514a8a6bc9f950edc27c4fda9335feaea01851ddd87090edb8c7",
    "https://deno.land/x/grammy_types@v3.0.3/api.ts": "efc90a31eb6f59ae5e7a4cf5838f46529e2fa6fa7e97a51a82dbd28afad21592",
    "https://deno.land/x/grammy_types@v3.0.3/inline.ts": "8c84406fde94dbc790699043b08e09a9ea6f5f2467e5d0fe345465590f20d70f",
    "https://deno.land/x/grammy_types@v3.0.3/manage.ts": "f75080617453d51bf9859104f706fb051b2d944fdbd0a66f2ccd9a366f7035f6",
    "https://deno.land/x/grammy_types@v3.0.3/markup.ts": "70fbfa9e2403fc1683c2eba22c6efe0803e5be81091e2a0e92b48f6da2527994",
    "https://deno.land/x/grammy_types@v3.0.3/message.ts": "5b78e2d99bff5002955d890df06ccbc2c29caff5ed11f580db79f4b325a3bc0e",
    "https://deno.land/x/grammy_types@v3.0.3/methods.ts": "42228f711ef977e196cce37e788c3d8f12c8d34d774e33aeb9f4b99d8460d55f",
    "https://deno.land/x/grammy_types@v3.0.3/mod.ts": "c9171f1ad0d4ae2b5c07b15b559b7e6a09f5083fec50587419cd1fb7b20b5554",
    "https://deno.land/x/grammy_types@v3.0.3/passport.ts": "e3fb63aec96510bcc317ef48fd25b435444b8f407502d7568c00fce15f2958fd",
    "https://deno.land/x/grammy_types@v3.0.3/payment.ts": "d23e9038c5b479b606e620dd84e3e67b6642ada110a962f2d5b5286e99ec7de5",
    "https://deno.land/x/grammy_types@v3.0.3/settings.ts": "1706823f6a0d1f538f286cc80830077a6f5d01da4c4742d63f25172e329aadde",
    "https://deno.land/x/grammy_types@v3.0.3/update.ts": "9415d29fd8f148f880e15daa04ece325d4f5a5a03bcd2bdce66ec32e53116aea",
    "https://deno.land/x/gtr@v0.0.1/mod.ts": "a2a75ccb4886d41aea928672b4b93a6643e2260f7751c320c9be73f57ed8d36f",
    "https://esm.sh/@grammyjs/types@2.0.0": "c86eafeb713f0e3c07ed2f8fa37993e583c856d75ee000f6ca5d5cf664c7d100",
    "https://esm.sh/@grammyjs/types@2.12.1": "f2296831de8a9de087d723a9af7c4c768af2993f211a5ca5c9f97387c4dcb4e4",
    "https://esm.sh/v113/@grammyjs/types@2.0.0/api.d.ts": "12e5af23059d8c09ebd7ca16606e190b41ab106bc686405fad67a7a7b9803033",
    "https://esm.sh/v113/@grammyjs/types@2.0.0/callback.d.ts": "5f346b5271336d214fc55a9478e54ca810826937853f6b53468be55db809e4cb",
    "https://esm.sh/v113/@grammyjs/types@2.0.0/deno/types.mjs": "55ee997e71343e1c6a100b84f497c723bd57c2579e917bbab7d13b55edc384eb",
    "https://esm.sh/v113/@grammyjs/types@2.0.0/index.d.ts": "9bdbddce52c91f61c478681eda997525cb028c561bb94ead0f799f4aafb49fc6",
    "https://esm.sh/v113/@grammyjs/types@2.0.0/inline.d.ts": "25e339366095110a2e8bfe1f2dce10686cab11616218dbb1778c9486e7269e13",
    "https://esm.sh/v113/@grammyjs/types@2.0.0/manage.d.ts": "4924e0e025e6ab4f328689c9d6797de873837038b25795380141353352da7ac7",
    "https://esm.sh/v113/@grammyjs/types@2.0.0/message.d.ts": "d92eac81fd59a27e4aeb11f5cae21f1d65b439860008e0969ca0d4d44c59b05c",
    "https://esm.sh/v113/@grammyjs/types@2.0.0/passport.d.ts": "4b86002c13bff1738fab5d474ebada9805573d7517c45c8a0785e27fb7fc3940",
    "https://esm.sh/v113/@grammyjs/types@2.0.0/payment.d.ts": "163170c512d0f7bdd56dc6eb021c172fffcddb8e2742318e6f3973a27962e2d0",
    "https://esm.sh/v113/@grammyjs/types@2.0.0/proxied.d.ts": "e0f285d2fd23ea053838a776f4393af55e875df0f6582c618bd67dfa44f8a5d6",
    "https://esm.sh/v113/@grammyjs/types@2.0.0/update.d.ts": "c717d642b86de2ea34a50b1d460c39638611358cd83cd4e7989a95a31a655eb3",
    "https://esm.sh/v113/@grammyjs/types@2.12.1/api.d.ts": "efc90a31eb6f59ae5e7a4cf5838f46529e2fa6fa7e97a51a82dbd28afad21592",
    "https://esm.sh/v113/@grammyjs/types@2.12.1/deno/types.mjs": "5c74efc316e26b58d1276a64c9936d19862577116bfd820946b55befd5c15b0e",
    "https://esm.sh/v113/@grammyjs/types@2.12.1/index.d.ts": "1c60004dec6270d9badd5ed195dbd6d4ddd00fa701acfeea922ed9f4861576a4",
    "https://esm.sh/v113/@grammyjs/types@2.12.1/inline.d.ts": "573b2790679c5c0910847a60064ae85c6f6007bfa139e3f611dd917f9c54399b",
    "https://esm.sh/v113/@grammyjs/types@2.12.1/manage.d.ts": "c8f9d21eb8de00703db08d808ca683705fcee60ca54a3d62ee7ac9fd24eb5bd2",
    "https://esm.sh/v113/@grammyjs/types@2.12.1/markup.d.ts": "c2eb6a0fe8f5e15d903bfa33f23f36ae5c9a77accc5d5656a80fe26ae9793057",
    "https://esm.sh/v113/@grammyjs/types@2.12.1/menu-button.d.ts": "096e03dadaf3af415c48c14cb91380769df01dcccbb0931575bf5f15a5df5cd7",
    "https://esm.sh/v113/@grammyjs/types@2.12.1/message.d.ts": "fb395a5ec2b130269d680788b098f32fec4ee2eeb3fa4aeead14fdb8b8095d03",
    "https://esm.sh/v113/@grammyjs/types@2.12.1/passport.d.ts": "e3fb63aec96510bcc317ef48fd25b435444b8f407502d7568c00fce15f2958fd",
    "https://esm.sh/v113/@grammyjs/types@2.12.1/payment.d.ts": "410c384a26d24252219713adeb0c360d5d038102ab9d1a6e9aad20b603830d0c",
    "https://esm.sh/v113/@grammyjs/types@2.12.1/proxied.d.ts": "f633a4e6f59f34362d5dcd94872a661f0aa46e695ba0dd2445e844b5ef03fe19",
    "https://esm.sh/v113/@grammyjs/types@2.12.1/update.d.ts": "7c4fb6534a1b401ab300f7edf49e2fe75293153fc44af14382eea0c0c02033c2"
  }
}
